
Microsoft Visual Studio Solution File, Format Version 12.00
# Visual Studio Version 17
VisualStudioVersion = 17.9.34622.214
MinimumVisualStudioVersion = 10.0.40219.1
Project("{9A19103F-16F7-4668-BE54-9A1E7A4F7556}") = "SportComplex.BLL", "SportComplex.BLL\SportComplex.BLL.csproj", "{2F005AA1-D847-4678-BC7E-55ECE9DA58BF}"
EndProject
Project("{9A19103F-16F7-4668-BE54-9A1E7A4F7556}") = "SportComplex.DAL", "SportComplex.DAL\SportComplex.DAL.csproj", "{8DB40E32-5E83-4364-A6DF-01A163C91CF6}"
EndProject
Global
	GlobalSection(SolutionConfigurationPlatforms) = preSolution
		Debug|Any CPU = Debug|Any CPU
		Release|Any CPU = Release|Any CPU
	EndGlobalSection
	GlobalSection(ProjectConfigurationPlatforms) = postSolution
		{2F005AA1-D847-4678-BC7E-55ECE9DA58BF}.Debug|Any CPU.ActiveCfg = Debug|Any CPU
		{2F005AA1-D847-4678-BC7E-55ECE9DA58BF}.Debug|Any CPU.Build.0 = Debug|Any CPU
		{2F005AA1-D847-4678-BC7E-55ECE9DA58BF}.Release|Any CPU.ActiveCfg = Release|Any CPU
		{2F005AA1-D847-4678-BC7E-55ECE9DA58BF}.Release|Any CPU.Build.0 = Release|Any CPU
		{8DB40E32-5E83-4364-A6DF-01A163C91CF6}.Debug|Any CPU.ActiveCfg = Debug|Any CPU
		{8DB40E32-5E83-4364-A6DF-01A163C91CF6}.Debug|Any CPU.Build.0 = Debug|Any CPU
		{8DB40E32-5E83-4364-A6DF-01A163C91CF6}.Release|Any CPU.ActiveCfg = Release|Any CPU
		{8DB40E32-5E83-4364-A6DF-01A163C91CF6}.Release|Any CPU.Build.0 = Release|Any CPU
	EndGlobalSection
	GlobalSection(SolutionProperties) = preSolution
		HideSolutionNode = FALSE
	EndGlobalSection
	GlobalSection(ExtensibilityGlobals) = postSolution
		SolutionGuid = {952B2874-1B06-4795-AA9D-ABE2F57BDAE1}
	EndGlobalSection
EndGlobal
